
Microsoft Visual Studio Solution File, Format Version 12.00
# Visual Studio 15
VisualStudioVersion = 15.0.26124.0
MinimumVisualStudioVersion = 15.0.26124.0
Project("{FAE04EC0-301F-11D3-BF4B-00C04F79EFBC}") = "Text", "Text\Text.csproj", "{46117CD2-2101-47A1-B7F5-6F8E886B6C32}"
EndProject
Project("{FAE04EC0-301F-11D3-BF4B-00C04F79EFBC}") = "Text.Tests", "Text.Tests\Text.Tests.csproj", "{8F8EACC6-1663-4D08-89FA-8F4A9CD0DA33}"
EndProject
Project("{FAE04EC0-301F-11D3-BF4B-00C04F79EFBC}") = "TextConsole", "TextConsole\TextConsole.csproj", "{EFFF47C5-DF5F-4C22-8F77-46641C019627}"
EndProject
Global
	GlobalSection(SolutionConfigurationPlatforms) = preSolution
		Debug|Any CPU = Debug|Any CPU
		Debug|x64 = Debug|x64
		Debug|x86 = Debug|x86
		Release|Any CPU = Release|Any CPU
		Release|x64 = Release|x64
		Release|x86 = Release|x86
	EndGlobalSection
	GlobalSection(SolutionProperties) = preSolution
		HideSolutionNode = FALSE
	EndGlobalSection
	GlobalSection(ProjectConfigurationPlatforms) = postSolution
		{46117CD2-2101-47A1-B7F5-6F8E886B6C32}.Debug|Any CPU.ActiveCfg = Debug|Any CPU
		{46117CD2-2101-47A1-B7F5-6F8E886B6C32}.Debug|Any CPU.Build.0 = Debug|Any CPU
		{46117CD2-2101-47A1-B7F5-6F8E886B6C32}.Debug|x64.ActiveCfg = Debug|Any CPU
		{46117CD2-2101-47A1-B7F5-6F8E886B6C32}.Debug|x64.Build.0 = Debug|Any CPU
		{46117CD2-2101-47A1-B7F5-6F8E886B6C32}.Debug|x86.ActiveCfg = Debug|Any CPU
		{46117CD2-2101-47A1-B7F5-6F8E886B6C32}.Debug|x86.Build.0 = Debug|Any CPU
		{46117CD2-2101-47A1-B7F5-6F8E886B6C32}.Release|Any CPU.ActiveCfg = Release|Any CPU
		{46117CD2-2101-47A1-B7F5-6F8E886B6C32}.Release|Any CPU.Build.0 = Release|Any CPU
		{46117CD2-2101-47A1-B7F5-6F8E886B6C32}.Release|x64.ActiveCfg = Release|Any CPU
		{46117CD2-2101-47A1-B7F5-6F8E886B6C32}.Release|x64.Build.0 = Release|Any CPU
		{46117CD2-2101-47A1-B7F5-6F8E886B6C32}.Release|x86.ActiveCfg = Release|Any CPU
		{46117CD2-2101-47A1-B7F5-6F8E886B6C32}.Release|x86.Build.0 = Release|Any CPU
		{8F8EACC6-1663-4D08-89FA-8F4A9CD0DA33}.Debug|Any CPU.ActiveCfg = Debug|Any CPU
		{8F8EACC6-1663-4D08-89FA-8F4A9CD0DA33}.Debug|Any CPU.Build.0 = Debug|Any CPU
		{8F8EACC6-1663-4D08-89FA-8F4A9CD0DA33}.Debug|x64.ActiveCfg = Debug|Any CPU
		{8F8EACC6-1663-4D08-89FA-8F4A9CD0DA33}.Debug|x64.Build.0 = Debug|Any CPU
		{8F8EACC6-1663-4D08-89FA-8F4A9CD0DA33}.Debug|x86.ActiveCfg = Debug|Any CPU
		{8F8EACC6-1663-4D08-89FA-8F4A9CD0DA33}.Debug|x86.Build.0 = Debug|Any CPU
		{8F8EACC6-1663-4D08-89FA-8F4A9CD0DA33}.Release|Any CPU.ActiveCfg = Release|Any CPU
		{8F8EACC6-1663-4D08-89FA-8F4A9CD0DA33}.Release|Any CPU.Build.0 = Release|Any CPU
		{8F8EACC6-1663-4D08-89FA-8F4A9CD0DA33}.Release|x64.ActiveCfg = Release|Any CPU
		{8F8EACC6-1663-4D08-89FA-8F4A9CD0DA33}.Release|x64.Build.0 = Release|Any CPU
		{8F8EACC6-1663-4D08-89FA-8F4A9CD0DA33}.Release|x86.ActiveCfg = Release|Any CPU
		{8F8EACC6-1663-4D08-89FA-8F4A9CD0DA33}.Release|x86.Build.0 = Release|Any CPU
		{EFFF47C5-DF5F-4C22-8F77-46641C019627}.Debug|Any CPU.ActiveCfg = Debug|Any CPU
		{EFFF47C5-DF5F-4C22-8F77-46641C019627}.Debug|Any CPU.Build.0 = Debug|Any CPU
		{EFFF47C5-DF5F-4C22-8F77-46641C019627}.Debug|x64.ActiveCfg = Debug|Any CPU
		{EFFF47C5-DF5F-4C22-8F77-46641C019627}.Debug|x64.Build.0 = Debug|Any CPU
		{EFFF47C5-DF5F-4C22-8F77-46641C019627}.Debug|x86.ActiveCfg = Debug|Any CPU
		{EFFF47C5-DF5F-4C22-8F77-46641C019627}.Debug|x86.Build.0 = Debug|Any CPU
		{EFFF47C5-DF5F-4C22-8F77-46641C019627}.Release|Any CPU.ActiveCfg = Release|Any CPU
		{EFFF47C5-DF5F-4C22-8F77-46641C019627}.Release|Any CPU.Build.0 = Release|Any CPU
		{EFFF47C5-DF5F-4C22-8F77-46641C019627}.Release|x64.ActiveCfg = Release|Any CPU
		{EFFF47C5-DF5F-4C22-8F77-46641C019627}.Release|x64.Build.0 = Release|Any CPU
		{EFFF47C5-DF5F-4C22-8F77-46641C019627}.Release|x86.ActiveCfg = Release|Any CPU
		{EFFF47C5-DF5F-4C22-8F77-46641C019627}.Release|x86.Build.0 = Release|Any CPU
	EndGlobalSection
EndGlobal
